
Microsoft Visual Studio Solution File, Format Version 12.00
# Visual Studio Version 17
VisualStudioVersion = 17.5.002.0
MinimumVisualStudioVersion = 10.0.40219.1
Project("{9A19103F-16F7-4668-BE54-9A1E7A4F7556}") = "Task1", "Task1\Task1.csproj", "{15DC8A55-6F17-48CA-A982-C760D97A26C3}"
EndProject
Project("{9A19103F-16F7-4668-BE54-9A1E7A4F7556}") = "Task2", "Task2\Task2.csproj", "{45E364E7-013B-4FB1-BD38-722B482765F1}"
EndProject
Project("{9A19103F-16F7-4668-BE54-9A1E7A4F7556}") = "Task3", "Task3\Task3.csproj", "{BD605F57-C76B-4E08-B0C7-CAEEC971A8DD}"
EndProject
Project("{9A19103F-16F7-4668-BE54-9A1E7A4F7556}") = "Task4", "Task4\Task4.csproj", "{85326FC8-D17A-439C-8FA2-4ED550428EB6}"
EndProject
Project("{9A19103F-16F7-4668-BE54-9A1E7A4F7556}") = "Task5", "Task5\Task5.csproj", "{975A8569-E27A-4958-B93B-424A2BE980CC}"
EndProject
Global
	GlobalSection(SolutionConfigurationPlatforms) = preSolution
		Debug|Any CPU = Debug|Any CPU
		Release|Any CPU = Release|Any CPU
	EndGlobalSection
	GlobalSection(ProjectConfigurationPlatforms) = postSolution
		{15DC8A55-6F17-48CA-A982-C760D97A26C3}.Debug|Any CPU.ActiveCfg = Debug|Any CPU
		{15DC8A55-6F17-48CA-A982-C760D97A26C3}.Debug|Any CPU.Build.0 = Debug|Any CPU
		{15DC8A55-6F17-48CA-A982-C760D97A26C3}.Release|Any CPU.ActiveCfg = Release|Any CPU
		{15DC8A55-6F17-48CA-A982-C760D97A26C3}.Release|Any CPU.Build.0 = Release|Any CPU
		{45E364E7-013B-4FB1-BD38-722B482765F1}.Debug|Any CPU.ActiveCfg = Debug|Any CPU
		{45E364E7-013B-4FB1-BD38-722B482765F1}.Debug|Any CPU.Build.0 = Debug|Any CPU
		{45E364E7-013B-4FB1-BD38-722B482765F1}.Release|Any CPU.ActiveCfg = Release|Any CPU
		{45E364E7-013B-4FB1-BD38-722B482765F1}.Release|Any CPU.Build.0 = Release|Any CPU
		{BD605F57-C76B-4E08-B0C7-CAEEC971A8DD}.Debug|Any CPU.ActiveCfg = Debug|Any CPU
		{BD605F57-C76B-4E08-B0C7-CAEEC971A8DD}.Debug|Any CPU.Build.0 = Debug|Any CPU
		{BD605F57-C76B-4E08-B0C7-CAEEC971A8DD}.Release|Any CPU.ActiveCfg = Release|Any CPU
		{BD605F57-C76B-4E08-B0C7-CAEEC971A8DD}.Release|Any CPU.Build.0 = Release|Any CPU
		{85326FC8-D17A-439C-8FA2-4ED550428EB6}.Debug|Any CPU.ActiveCfg = Debug|Any CPU
		{85326FC8-D17A-439C-8FA2-4ED550428EB6}.Debug|Any CPU.Build.0 = Debug|Any CPU
		{85326FC8-D17A-439C-8FA2-4ED550428EB6}.Release|Any CPU.ActiveCfg = Release|Any CPU
		{85326FC8-D17A-439C-8FA2-4ED550428EB6}.Release|Any CPU.Build.0 = Release|Any CPU
		{975A8569-E27A-4958-B93B-424A2BE980CC}.Debug|Any CPU.ActiveCfg = Debug|Any CPU
		{975A8569-E27A-4958-B93B-424A2BE980CC}.Debug|Any CPU.Build.0 = Debug|Any CPU
		{975A8569-E27A-4958-B93B-424A2BE980CC}.Release|Any CPU.ActiveCfg = Release|Any CPU
		{975A8569-E27A-4958-B93B-424A2BE980CC}.Release|Any CPU.Build.0 = Release|Any CPU
	EndGlobalSection
	GlobalSection(SolutionProperties) = preSolution
		HideSolutionNode = FALSE
	EndGlobalSection
	GlobalSection(ExtensibilityGlobals) = postSolution
		SolutionGuid = {0F1521E0-7F65-421C-99D8-8025922B3533}
	EndGlobalSection
EndGlobal
